
Microsoft Visual Studio Solution File, Format Version 12.00
# Visual Studio Version 17
VisualStudioVersion = 17.6.33815.320
MinimumVisualStudioVersion = 10.0.40219.1
Project("{FAE04EC0-301F-11D3-BF4B-00C04F79EFBC}") = "Problem_14", "Problem_14.csproj", "{F3751620-CE6B-4DD8-8FCD-FC90F70FB642}"
EndProject
Global
	GlobalSection(SolutionConfigurationPlatforms) = preSolution
		Debug|Any CPU = Debug|Any CPU
		Release|Any CPU = Release|Any CPU
	EndGlobalSection
	GlobalSection(ProjectConfigurationPlatforms) = postSolution
		{F3751620-CE6B-4DD8-8FCD-FC90F70FB642}.Debug|Any CPU.ActiveCfg = Debug|Any CPU
		{F3751620-CE6B-4DD8-8FCD-FC90F70FB642}.Debug|Any CPU.Build.0 = Debug|Any CPU
		{F3751620-CE6B-4DD8-8FCD-FC90F70FB642}.Release|Any CPU.ActiveCfg = Release|Any CPU
		{F3751620-CE6B-4DD8-8FCD-FC90F70FB642}.Release|Any CPU.Build.0 = Release|Any CPU
	EndGlobalSection
	GlobalSection(SolutionProperties) = preSolution
		HideSolutionNode = FALSE
	EndGlobalSection
	GlobalSection(ExtensibilityGlobals) = postSolution
		SolutionGuid = {414C152A-3F8B-454F-BE71-33CE311178A6}
	EndGlobalSection
EndGlobal
