
Microsoft Visual Studio Solution File, Format Version 12.00
# Visual Studio Version 17
VisualStudioVersion = 17.6.33815.320
MinimumVisualStudioVersion = 10.0.40219.1
Project("{FAE04EC0-301F-11D3-BF4B-00C04F79EFBC}") = "Problem_7", "Problem_7.csproj", "{96DF78AA-73AE-43DD-AA67-42DC2FE7ECE3}"
EndProject
Global
	GlobalSection(SolutionConfigurationPlatforms) = preSolution
		Debug|Any CPU = Debug|Any CPU
		Release|Any CPU = Release|Any CPU
	EndGlobalSection
	GlobalSection(ProjectConfigurationPlatforms) = postSolution
		{96DF78AA-73AE-43DD-AA67-42DC2FE7ECE3}.Debug|Any CPU.ActiveCfg = Debug|Any CPU
		{96DF78AA-73AE-43DD-AA67-42DC2FE7ECE3}.Debug|Any CPU.Build.0 = Debug|Any CPU
		{96DF78AA-73AE-43DD-AA67-42DC2FE7ECE3}.Release|Any CPU.ActiveCfg = Release|Any CPU
		{96DF78AA-73AE-43DD-AA67-42DC2FE7ECE3}.Release|Any CPU.Build.0 = Release|Any CPU
	EndGlobalSection
	GlobalSection(SolutionProperties) = preSolution
		HideSolutionNode = FALSE
	EndGlobalSection
	GlobalSection(ExtensibilityGlobals) = postSolution
		SolutionGuid = {63C1FA2B-E1E4-4243-A8A0-F13289186657}
	EndGlobalSection
EndGlobal
