
Microsoft Visual Studio Solution File, Format Version 12.00
# Visual Studio Version 17
VisualStudioVersion = 17.6.33815.320
MinimumVisualStudioVersion = 10.0.40219.1
Project("{FAE04EC0-301F-11D3-BF4B-00C04F79EFBC}") = "Problem_8", "Problem_8.csproj", "{4A475FB1-EEF8-4490-AB6E-0D12A9C1C21E}"
EndProject
Global
	GlobalSection(SolutionConfigurationPlatforms) = preSolution
		Debug|Any CPU = Debug|Any CPU
		Release|Any CPU = Release|Any CPU
	EndGlobalSection
	GlobalSection(ProjectConfigurationPlatforms) = postSolution
		{4A475FB1-EEF8-4490-AB6E-0D12A9C1C21E}.Debug|Any CPU.ActiveCfg = Debug|Any CPU
		{4A475FB1-EEF8-4490-AB6E-0D12A9C1C21E}.Debug|Any CPU.Build.0 = Debug|Any CPU
		{4A475FB1-EEF8-4490-AB6E-0D12A9C1C21E}.Release|Any CPU.ActiveCfg = Release|Any CPU
		{4A475FB1-EEF8-4490-AB6E-0D12A9C1C21E}.Release|Any CPU.Build.0 = Release|Any CPU
	EndGlobalSection
	GlobalSection(SolutionProperties) = preSolution
		HideSolutionNode = FALSE
	EndGlobalSection
	GlobalSection(ExtensibilityGlobals) = postSolution
		SolutionGuid = {368A6EDF-3521-4057-B436-8952938B5D38}
	EndGlobalSection
EndGlobal
