
Microsoft Visual Studio Solution File, Format Version 12.00
# Visual Studio Version 17
VisualStudioVersion = 17.6.33815.320
MinimumVisualStudioVersion = 10.0.40219.1
Project("{FAE04EC0-301F-11D3-BF4B-00C04F79EFBC}") = "Problem_19", "Problem_19.csproj", "{1DDC8DEE-D400-45B9-9D56-F9E045382B0E}"
EndProject
Global
	GlobalSection(SolutionConfigurationPlatforms) = preSolution
		Debug|Any CPU = Debug|Any CPU
		Release|Any CPU = Release|Any CPU
	EndGlobalSection
	GlobalSection(ProjectConfigurationPlatforms) = postSolution
		{1DDC8DEE-D400-45B9-9D56-F9E045382B0E}.Debug|Any CPU.ActiveCfg = Debug|Any CPU
		{1DDC8DEE-D400-45B9-9D56-F9E045382B0E}.Debug|Any CPU.Build.0 = Debug|Any CPU
		{1DDC8DEE-D400-45B9-9D56-F9E045382B0E}.Release|Any CPU.ActiveCfg = Release|Any CPU
		{1DDC8DEE-D400-45B9-9D56-F9E045382B0E}.Release|Any CPU.Build.0 = Release|Any CPU
	EndGlobalSection
	GlobalSection(SolutionProperties) = preSolution
		HideSolutionNode = FALSE
	EndGlobalSection
	GlobalSection(ExtensibilityGlobals) = postSolution
		SolutionGuid = {210391BF-290D-4B53-B3DD-4606FF1A327A}
	EndGlobalSection
EndGlobal
