
Microsoft Visual Studio Solution File, Format Version 12.00
# Visual Studio Version 17
VisualStudioVersion = 17.6.33815.320
MinimumVisualStudioVersion = 10.0.40219.1
Project("{FAE04EC0-301F-11D3-BF4B-00C04F79EFBC}") = "Problem_11", "Problem_11.csproj", "{C4408FF2-EB14-48EC-A3A0-3EDF4DE6B5ED}"
EndProject
Global
	GlobalSection(SolutionConfigurationPlatforms) = preSolution
		Debug|Any CPU = Debug|Any CPU
		Release|Any CPU = Release|Any CPU
	EndGlobalSection
	GlobalSection(ProjectConfigurationPlatforms) = postSolution
		{C4408FF2-EB14-48EC-A3A0-3EDF4DE6B5ED}.Debug|Any CPU.ActiveCfg = Debug|Any CPU
		{C4408FF2-EB14-48EC-A3A0-3EDF4DE6B5ED}.Debug|Any CPU.Build.0 = Debug|Any CPU
		{C4408FF2-EB14-48EC-A3A0-3EDF4DE6B5ED}.Release|Any CPU.ActiveCfg = Release|Any CPU
		{C4408FF2-EB14-48EC-A3A0-3EDF4DE6B5ED}.Release|Any CPU.Build.0 = Release|Any CPU
	EndGlobalSection
	GlobalSection(SolutionProperties) = preSolution
		HideSolutionNode = FALSE
	EndGlobalSection
	GlobalSection(ExtensibilityGlobals) = postSolution
		SolutionGuid = {C4E8DCA5-D3A0-44C9-8E16-11AB29781301}
	EndGlobalSection
EndGlobal
