
Microsoft Visual Studio Solution File, Format Version 12.00
# Visual Studio Version 17
VisualStudioVersion = 17.6.33815.320
MinimumVisualStudioVersion = 10.0.40219.1
Project("{FAE04EC0-301F-11D3-BF4B-00C04F79EFBC}") = "Problem_31", "Problem_31.csproj", "{466004DC-DBAA-4BBC-B897-F4554962FEA7}"
EndProject
Global
	GlobalSection(SolutionConfigurationPlatforms) = preSolution
		Debug|Any CPU = Debug|Any CPU
		Release|Any CPU = Release|Any CPU
	EndGlobalSection
	GlobalSection(ProjectConfigurationPlatforms) = postSolution
		{466004DC-DBAA-4BBC-B897-F4554962FEA7}.Debug|Any CPU.ActiveCfg = Debug|Any CPU
		{466004DC-DBAA-4BBC-B897-F4554962FEA7}.Debug|Any CPU.Build.0 = Debug|Any CPU
		{466004DC-DBAA-4BBC-B897-F4554962FEA7}.Release|Any CPU.ActiveCfg = Release|Any CPU
		{466004DC-DBAA-4BBC-B897-F4554962FEA7}.Release|Any CPU.Build.0 = Release|Any CPU
	EndGlobalSection
	GlobalSection(SolutionProperties) = preSolution
		HideSolutionNode = FALSE
	EndGlobalSection
	GlobalSection(ExtensibilityGlobals) = postSolution
		SolutionGuid = {F47145ED-B40E-4357-AD47-996677CAAA4D}
	EndGlobalSection
EndGlobal
